// !$*UTF8*$!
{
	archiveVersion = 1;
	classes = {
	};
	objectVersion = 54;
	objects = {

/* Begin PBXAggregateTarget section */
		687742AB2D437EE400375A2C /* Gettext Localizations */ = {
			isa = PBXAggregateTarget;
			buildConfigurationList = 687742AC2D437EE400375A2C /* Build configuration list for PBXAggregateTarget "Gettext Localizations" */;
			buildPhases = (
				687742AF2D437EEA00375A2C /* Run Script */,
			);
			dependencies = (
			);
			name = "Gettext Localizations";
			productName = "Gettext Localizations";
		};
		687743262D4CACBD00375A2C /* pofiles update */ = {
			isa = PBXAggregateTarget;
			buildConfigurationList = 687743272D4CACBD00375A2C /* Build configuration list for PBXAggregateTarget "pofiles update" */;
			buildPhases = (
				6877432A2D4CACCC00375A2C /* ShellScript */,
			);
			dependencies = (
				6838BF742DBF71BD007EB66C /* PBXTargetDependency */,
			);
			name = "pofiles update";
			productName = "pofiles update";
		};
		68DCA5AF2D40EC57004D0104 /* base.pot */ = {
			isa = PBXAggregateTarget;
			buildConfigurationList = 68DCA5B02D40EC58004D0104 /* Build configuration list for PBXAggregateTarget "base.pot" */;
			buildPhases = (
				68DCA5B32D40EC61004D0104 /* ShellScript */,
			);
			dependencies = (
			);
			name = base.pot;
			productName = "Gettext Locales";
		};
		68DCA5B82D40FA9F004D0104 /* pofiles_new */ = {
			isa = PBXAggregateTarget;
			buildConfigurationList = 68DCA5B92D40FA9F004D0104 /* Build configuration list for PBXAggregateTarget "pofiles_new" */;
			buildPhases = (
				68DCA5BC2D40FAB1004D0104 /* ShellScript */,
			);
			dependencies = (
			);
			name = pofiles_new;
			productName = zh_CN.po;
		};
/* End PBXAggregateTarget section */

/* Begin PBXBuildFile section */
		68171A302D5221C400DD4224 /* libsmc.c in Sources */ = {isa = PBXBuildFile; fileRef = 68171A2F2D5221C400DD4224 /* libsmc.c */; };
		68171A372D534E6B00DD4224 /* BatteryDetailsViewController.m in Sources */ = {isa = PBXBuildFile; fileRef = 68171A322D534E6B00DD4224 /* BatteryDetailsViewController.m */; };
		6833A8C92DA3C6E500B71299 /* WarnAccessoryView.m in Sources */ = {isa = PBXBuildFile; fileRef = 6833A8C82DA3C6E500B71299 /* WarnAccessoryView.m */; };
		6834254B2D7C4F560070CE6F /* iokit_connection.c in Sources */ = {isa = PBXBuildFile; fileRef = 68E9389A2D58980B00223285 /* iokit_connection.c */; };
		683425502D7D6A240070CE6F /* MultilineViewCell.m in Sources */ = {isa = PBXBuildFile; fileRef = 6834254F2D7D6A240070CE6F /* MultilineViewCell.m */; };
		6838BF6A2DB8D06B007EB66C /* license.html in Resources */ = {isa = PBXBuildFile; fileRef = 6838BF642DB8D06B007EB66C /* license.html */; };
		6838BF6B2DB8D06B007EB66C /* licensing.S in Sources */ = {isa = PBXBuildFile; fileRef = 6838BF652DB8D06B007EB66C /* licensing.S */; };
		6838BF6F2DB8D89E007EB66C /* WebKit.framework in Frameworks */ = {isa = PBXBuildFile; fileRef = 6838BF6E2DB8D89E007EB66C /* WebKit.framework */; };
		6838BF762DBF810D007EB66C /* localized.c in Sources */ = {isa = PBXBuildFile; fileRef = 6838BF752DBF810D007EB66C /* localized.c */; };
		6838BF7C2DC22CF6007EB66C /* libMobileGestalt.tbd in Frameworks */ = {isa = PBXBuildFile; fileRef = 6838BF7B2DC22CF6007EB66C /* libMobileGestalt.tbd */; settings = {ATTRIBUTES = (Weak, ); }; };
		6838BF832DC27F1E007EB66C /* ChargingManagementViewController.m in Sources */ = {isa = PBXBuildFile; fileRef = 6838BF822DC27F1E007EB66C /* ChargingManagementViewController.m */; };
		6838BFAC2DC3984C007EB66C /* SliderTableViewCell.m in Sources */ = {isa = PBXBuildFile; fileRef = 6838BFAB2DC3984C007EB66C /* SliderTableViewCell.m */; };
		684A9EF22D65F0AF006265DC /* intl.framework in Frameworks */ = {isa = PBXBuildFile; fileRef = 687743152D461E4400375A2C /* intl.framework */; settings = {ATTRIBUTES = (Weak, ); }; };
		686AECD52D3B93CD0059ECD0 /* main.m in Sources */ = {isa = PBXBuildFile; fileRef = 686AECD42D3B93CD0059ECD0 /* main.m */; };
		687742B62D43838500375A2C /* locales in Resources */ = {isa = PBXBuildFile; fileRef = 687742B52D43837B00375A2C /* locales */; };
		687743362D4E08AD00375A2C /* SettingsViewController.m in Sources */ = {isa = PBXBuildFile; fileRef = 687743342D4E08AD00375A2C /* SettingsViewController.m */; };
		687743372D4E08AD00375A2C /* BatteryInfoViewController.m in Sources */ = {isa = PBXBuildFile; fileRef = 687743352D4E08AD00375A2C /* BatteryInfoViewController.m */; };
		687743462D4F6C7800375A2C /* BatteryCellView.m in Sources */ = {isa = PBXBuildFile; fileRef = 687743412D4F6C7800375A2C /* BatteryCellView.m */; };
		687743472D4F6C7800375A2C /* SPWaterProgressIndicatorView.m in Sources */ = {isa = PBXBuildFile; fileRef = 687743422D4F6C7800375A2C /* SPWaterProgressIndicatorView.m */; };
		687743482D4F6C7800375A2C /* BatteryInfoTableViewCell.m in Sources */ = {isa = PBXBuildFile; fileRef = 687743442D4F6C7800375A2C /* BatteryInfoTableViewCell.m */; };
		68A3EAFB2D5204D2003381DF /* battery_info.c in Sources */ = {isa = PBXBuildFile; fileRef = 68A3EAF62D5204D2003381DF /* battery_info.c */; };
		68A3EAFD2D5204EA003381DF /* IOKit.framework in Frameworks */ = {isa = PBXBuildFile; fileRef = 68A3EAFC2D5204EA003381DF /* IOKit.framework */; };
		68AE40B82D8EB8870023D7B0 /* UberSegmentedControl.m in Sources */ = {isa = PBXBuildFile; fileRef = 68AE40AA2D8EB8870023D7B0 /* UberSegmentedControl.m */; };
		68AE40B92D8EB8870023D7B0 /* MultiSelectSegmentedControl.m in Sources */ = {isa = PBXBuildFile; fileRef = 68AE40AB2D8EB8870023D7B0 /* MultiSelectSegmentedControl.m */; };
		68AE40BA2D8EB8870023D7B0 /* DividerView.m in Sources */ = {isa = PBXBuildFile; fileRef = 68AE40B02D8EB8870023D7B0 /* DividerView.m */; };
		68AE40BB2D8EB8870023D7B0 /* UIView+Fill.m in Sources */ = {isa = PBXBuildFile; fileRef = 68AE40B12D8EB8870023D7B0 /* UIView+Fill.m */; };
		68AE40BC2D8EB8870023D7B0 /* StackViewGestureHandler.m in Sources */ = {isa = PBXBuildFile; fileRef = 68AE40B42D8EB8870023D7B0 /* StackViewGestureHandler.m */; };
		68AE40BD2D8EB8870023D7B0 /* Constants.m in Sources */ = {isa = PBXBuildFile; fileRef = 68AE40B52D8EB8870023D7B0 /* Constants.m */; };
		68AE40BE2D8EB8870023D7B0 /* SegmentButton.m in Sources */ = {isa = PBXBuildFile; fileRef = 68AE40B62D8EB8870023D7B0 /* SegmentButton.m */; };
		68B291212DC754100089BA1F /* worker.m in Sources */ = {isa = PBXBuildFile; fileRef = 68B2911A2DC754100089BA1F /* worker.m */; };
		68B291232DC754100089BA1F /* daemon.c in Sources */ = {isa = PBXBuildFile; fileRef = 68B2911F2DC754100089BA1F /* daemon.c */; };
		68B291272DC7547B0089BA1F /* ChargingLimitViewController.m in Sources */ = {isa = PBXBuildFile; fileRef = 68B291252DC7547B0089BA1F /* ChargingLimitViewController.m */; };
		68B291282DC75F610089BA1F /* pmnotification.c in Sources */ = {isa = PBXBuildFile; fileRef = 68B2911E2DC754100089BA1F /* pmnotification.c */; };
		68B2912B2DC799A40089BA1F /* BatterySubscriberViewControllerBase.m in Sources */ = {isa = PBXBuildFile; fileRef = 68B291292DC799A40089BA1F /* BatterySubscriberViewControllerBase.m */; };
		68B5FF2E2D85606000919BC2 /* GradientArcView.m in Sources */ = {isa = PBXBuildFile; fileRef = 68B5FF2D2D85606000919BC2 /* GradientArcView.m */; };
		68B5FF302D85617400919BC2 /* TemperatureInfoTableViewCell.m in Sources */ = {isa = PBXBuildFile; fileRef = 68B5FF2F2D85617400919BC2 /* TemperatureInfoTableViewCell.m */; };
		68D6DEBE2D745DBC00E129A0 /* SegmentedViewCell.m in Sources */ = {isa = PBXBuildFile; fileRef = 68D6DEBD2D745DBC00E129A0 /* SegmentedViewCell.m */; };
		68DCA5A92D3F9339004D0104 /* common.m in Sources */ = {isa = PBXBuildFile; fileRef = 68DCA5A82D3F9338004D0104 /* common.m */; };
/* End PBXBuildFile section */

/* Begin PBXContainerItemProxy section */
		6838BF732DBF71BD007EB66C /* PBXContainerItemProxy */ = {
			isa = PBXContainerItemProxy;
			containerPortal = 686AECB72D3B93CB0059ECD0 /* Project object */;
			proxyType = 1;
			remoteGlobalIDString = 68DCA5AF2D40EC57004D0104;
			remoteInfo = base.pot;
		};
		687742B72D43866400375A2C /* PBXContainerItemProxy */ = {
			isa = PBXContainerItemProxy;
			containerPortal = 686AECB72D3B93CB0059ECD0 /* Project object */;
			proxyType = 1;
			remoteGlobalIDString = 687742AB2D437EE400375A2C;
			remoteInfo = "Gettext Localizations";
		};
		687743142D461E4400375A2C /* PBXContainerItemProxy */ = {
			isa = PBXContainerItemProxy;
			containerPortal = 6877430F2D461E4300375A2C /* gettext.xcodeproj */;
			proxyType = 2;
			remoteGlobalIDString = 687742F42D44E40700375A2C;
			remoteInfo = intl;
		};
/* End PBXContainerItemProxy section */

/* Begin PBXFileReference section */
		68171A2E2D5221C400DD4224 /* libsmc.h */ = {isa = PBXFileReference; lastKnownFileType = sourcecode.c.h; path = libsmc.h; sourceTree = "<group>"; };
		68171A2F2D5221C400DD4224 /* libsmc.c */ = {isa = PBXFileReference; lastKnownFileType = sourcecode.c.c; path = libsmc.c; sourceTree = "<group>"; };
		68171A322D534E6B00DD4224 /* BatteryDetailsViewController.m */ = {isa = PBXFileReference; fileEncoding = 4; lastKnownFileType = sourcecode.c.objc; path = BatteryDetailsViewController.m; sourceTree = "<group>"; };
		68171A362D534E6B00DD4224 /* BatteryDetailsViewController.h */ = {isa = PBXFileReference; fileEncoding = 4; lastKnownFileType = sourcecode.c.h; path = BatteryDetailsViewController.h; sourceTree = "<group>"; };
		6833A8C82DA3C6E500B71299 /* WarnAccessoryView.m */ = {isa = PBXFileReference; lastKnownFileType = sourcecode.c.objc; path = WarnAccessoryView.m; sourceTree = "<group>"; };
		6833A8CA2DA3C6FE00B71299 /* WarnAccessoryView.h */ = {isa = PBXFileReference; lastKnownFileType = sourcecode.c.h; path = WarnAccessoryView.h; sourceTree = "<group>"; };
		6834254F2D7D6A240070CE6F /* MultilineViewCell.m */ = {isa = PBXFileReference; lastKnownFileType = sourcecode.c.objc; path = MultilineViewCell.m; sourceTree = "<group>"; };
		683425512D7D6A380070CE6F /* MultilineViewCell.h */ = {isa = PBXFileReference; lastKnownFileType = sourcecode.c.h; path = MultilineViewCell.h; sourceTree = "<group>"; };
		6838BF642DB8D06B007EB66C /* license.html */ = {isa = PBXFileReference; fileEncoding = 4; lastKnownFileType = text.html; path = license.html; sourceTree = "<group>"; };
		6838BF652DB8D06B007EB66C /* licensing.S */ = {isa = PBXFileReference; fileEncoding = 4; lastKnownFileType = sourcecode.asm; path = licensing.S; sourceTree = "<group>"; };
		6838BF662DB8D06B007EB66C /* test.S */ = {isa = PBXFileReference; fileEncoding = 4; lastKnownFileType = sourcecode.asm; path = test.S; sourceTree = "<group>"; };
		6838BF6E2DB8D89E007EB66C /* WebKit.framework */ = {isa = PBXFileReference; lastKnownFileType = wrapper.framework; name = WebKit.framework; path = System/Library/Frameworks/WebKit.framework; sourceTree = SDKROOT; };
		6838BF752DBF810D007EB66C /* localized.c */ = {isa = PBXFileReference; lastKnownFileType = sourcecode.c.c; path = localized.c; sourceTree = "<group>"; };
		6838BF7B2DC22CF6007EB66C /* libMobileGestalt.tbd */ = {isa = PBXFileReference; lastKnownFileType = "sourcecode.text-based-dylib-definition"; name = libMobileGestalt.tbd; path = usr/lib/libMobileGestalt.tbd; sourceTree = SDKROOT; };
		6838BF7E2DC27F1E007EB66C /* ChargingManagementViewController.h */ = {isa = PBXFileReference; fileEncoding = 4; lastKnownFileType = sourcecode.c.h; path = ChargingManagementViewController.h; sourceTree = "<group>"; };
		6838BF822DC27F1E007EB66C /* ChargingManagementViewController.m */ = {isa = PBXFileReference; fileEncoding = 4; lastKnownFileType = sourcecode.c.objc; path = ChargingManagementViewController.m; sourceTree = "<group>"; };
		6838BFAA2DC3984C007EB66C /* SliderTableViewCell.h */ = {isa = PBXFileReference; lastKnownFileType = sourcecode.c.h; path = SliderTableViewCell.h; sourceTree = "<group>"; };
		6838BFAB2DC3984C007EB66C /* SliderTableViewCell.m */ = {isa = PBXFileReference; lastKnownFileType = sourcecode.c.objc; path = SliderTableViewCell.m; sourceTree = "<group>"; };
		686AECBF2D3B93CB0059ECD0 /* Battman.app */ = {isa = PBXFileReference; explicitFileType = wrapper.application; includeInIndex = 0; path = Battman.app; sourceTree = BUILT_PRODUCTS_DIR; };
		686AECD32D3B93CD0059ECD0 /* Info.plist */ = {isa = PBXFileReference; lastKnownFileType = text.plist.xml; path = Info.plist; sourceTree = "<group>"; };
		686AECD42D3B93CD0059ECD0 /* main.m */ = {isa = PBXFileReference; lastKnownFileType = sourcecode.c.objc; path = main.m; sourceTree = "<group>"; };
		687742B52D43837B00375A2C /* locales */ = {isa = PBXFileReference; lastKnownFileType = folder; path = locales; sourceTree = "<group>"; };
		6877430F2D461E4300375A2C /* gettext.xcodeproj */ = {isa = PBXFileReference; lastKnownFileType = "wrapper.pb-project"; path = gettext.xcodeproj; sourceTree = "<group>"; };
		687743182D4629CB00375A2C /* Battman.entitlements */ = {isa = PBXFileReference; lastKnownFileType = text.plist.entitlements; path = Battman.entitlements; sourceTree = "<group>"; };
		687743192D46359200375A2C /* Config.xcconfig */ = {isa = PBXFileReference; lastKnownFileType = text.xcconfig; path = Config.xcconfig; sourceTree = "<group>"; };
		6877432F2D4E08AD00375A2C /* SettingsViewController.h */ = {isa = PBXFileReference; fileEncoding = 4; lastKnownFileType = sourcecode.c.h; path = SettingsViewController.h; sourceTree = "<group>"; };
		687743332D4E08AD00375A2C /* BatteryInfoViewController.h */ = {isa = PBXFileReference; fileEncoding = 4; lastKnownFileType = sourcecode.c.h; path = BatteryInfoViewController.h; sourceTree = "<group>"; };
		687743342D4E08AD00375A2C /* SettingsViewController.m */ = {isa = PBXFileReference; fileEncoding = 4; lastKnownFileType = sourcecode.c.objc; path = SettingsViewController.m; sourceTree = "<group>"; };
		687743352D4E08AD00375A2C /* BatteryInfoViewController.m */ = {isa = PBXFileReference; fileEncoding = 4; lastKnownFileType = sourcecode.c.objc; path = BatteryInfoViewController.m; sourceTree = "<group>"; };
		687743402D4F6C7800375A2C /* BatteryInfoTableViewCell.h */ = {isa = PBXFileReference; fileEncoding = 4; lastKnownFileType = sourcecode.c.h; name = BatteryInfoTableViewCell.h; path = BatteryCellView/BatteryInfoTableViewCell.h; sourceTree = "<group>"; };
		687743412D4F6C7800375A2C /* BatteryCellView.m */ = {isa = PBXFileReference; fileEncoding = 4; lastKnownFileType = sourcecode.c.objc; name = BatteryCellView.m; path = BatteryCellView/BatteryCellView.m; sourceTree = "<group>"; };
		687743422D4F6C7800375A2C /* SPWaterProgressIndicatorView.m */ = {isa = PBXFileReference; fileEncoding = 4; lastKnownFileType = sourcecode.c.objc; path = SPWaterProgressIndicatorView.m; sourceTree = "<group>"; };
		687743432D4F6C7800375A2C /* BatteryCellView.h */ = {isa = PBXFileReference; fileEncoding = 4; lastKnownFileType = sourcecode.c.h; name = BatteryCellView.h; path = BatteryCellView/BatteryCellView.h; sourceTree = "<group>"; };
		687743442D4F6C7800375A2C /* BatteryInfoTableViewCell.m */ = {isa = PBXFileReference; fileEncoding = 4; lastKnownFileType = sourcecode.c.objc; name = BatteryInfoTableViewCell.m; path = BatteryCellView/BatteryInfoTableViewCell.m; sourceTree = "<group>"; };
		687743452D4F6C7800375A2C /* SPWaterProgressIndicatorView.h */ = {isa = PBXFileReference; fileEncoding = 4; lastKnownFileType = sourcecode.c.h; path = SPWaterProgressIndicatorView.h; sourceTree = "<group>"; };
		68A3EAF52D5204D2003381DF /* battery_utils.h */ = {isa = PBXFileReference; fileEncoding = 4; lastKnownFileType = sourcecode.c.h; path = battery_utils.h; sourceTree = "<group>"; };
		68A3EAF62D5204D2003381DF /* battery_info.c */ = {isa = PBXFileReference; fileEncoding = 4; lastKnownFileType = sourcecode.c.c; path = battery_info.c; sourceTree = "<group>"; };
		68A3EAF72D5204D2003381DF /* battery_info.h */ = {isa = PBXFileReference; fileEncoding = 4; lastKnownFileType = sourcecode.c.h; path = battery_info.h; sourceTree = "<group>"; };
		68A3EAFC2D5204EA003381DF /* IOKit.framework */ = {isa = PBXFileReference; lastKnownFileType = wrapper.framework; name = IOKit.framework; path = System/Library/Frameworks/IOKit.framework; sourceTree = SDKROOT; };
		68AE40AA2D8EB8870023D7B0 /* UberSegmentedControl.m */ = {isa = PBXFileReference; fileEncoding = 4; lastKnownFileType = sourcecode.c.objc; path = UberSegmentedControl.m; sourceTree = "<group>"; };
		68AE40AB2D8EB8870023D7B0 /* MultiSelectSegmentedControl.m */ = {isa = PBXFileReference; fileEncoding = 4; lastKnownFileType = sourcecode.c.objc; path = MultiSelectSegmentedControl.m; sourceTree = "<group>"; };
		68AE40AC2D8EB8870023D7B0 /* SegmentButton.h */ = {isa = PBXFileReference; fileEncoding = 4; lastKnownFileType = sourcecode.c.h; path = SegmentButton.h; sourceTree = "<group>"; };
		68AE40AD2D8EB8870023D7B0 /* UberSegmentedControl.h */ = {isa = PBXFileReference; fileEncoding = 4; lastKnownFileType = sourcecode.c.h; path = UberSegmentedControl.h; sourceTree = "<group>"; };
		68AE40AE2D8EB8870023D7B0 /* StackViewGestureHandler.h */ = {isa = PBXFileReference; fileEncoding = 4; lastKnownFileType = sourcecode.c.h; path = StackViewGestureHandler.h; sourceTree = "<group>"; };
		68AE40AF2D8EB8870023D7B0 /* Constants.h */ = {isa = PBXFileReference; fileEncoding = 4; lastKnownFileType = sourcecode.c.h; path = Constants.h; sourceTree = "<group>"; };
		68AE40B02D8EB8870023D7B0 /* DividerView.m */ = {isa = PBXFileReference; fileEncoding = 4; lastKnownFileType = sourcecode.c.objc; path = DividerView.m; sourceTree = "<group>"; };
		68AE40B12D8EB8870023D7B0 /* UIView+Fill.m */ = {isa = PBXFileReference; fileEncoding = 4; lastKnownFileType = sourcecode.c.objc; path = "UIView+Fill.m"; sourceTree = "<group>"; };
		68AE40B22D8EB8870023D7B0 /* DividerView.h */ = {isa = PBXFileReference; fileEncoding = 4; lastKnownFileType = sourcecode.c.h; path = DividerView.h; sourceTree = "<group>"; };
		68AE40B32D8EB8870023D7B0 /* UIView+Fill.h */ = {isa = PBXFileReference; fileEncoding = 4; lastKnownFileType = sourcecode.c.h; path = "UIView+Fill.h"; sourceTree = "<group>"; };
		68AE40B42D8EB8870023D7B0 /* StackViewGestureHandler.m */ = {isa = PBXFileReference; fileEncoding = 4; lastKnownFileType = sourcecode.c.objc; path = StackViewGestureHandler.m; sourceTree = "<group>"; };
		68AE40B52D8EB8870023D7B0 /* Constants.m */ = {isa = PBXFileReference; fileEncoding = 4; lastKnownFileType = sourcecode.c.objc; path = Constants.m; sourceTree = "<group>"; };
		68AE40B62D8EB8870023D7B0 /* SegmentButton.m */ = {isa = PBXFileReference; fileEncoding = 4; lastKnownFileType = sourcecode.c.objc; path = SegmentButton.m; sourceTree = "<group>"; };
		68AE40B72D8EB8870023D7B0 /* MultiSelectSegmentedControl.h */ = {isa = PBXFileReference; fileEncoding = 4; lastKnownFileType = sourcecode.c.h; path = MultiSelectSegmentedControl.h; sourceTree = "<group>"; };
		68AE40BF2D8EB9190023D7B0 /* README.md */ = {isa = PBXFileReference; lastKnownFileType = net.daringfireball.markdown; path = README.md; sourceTree = "<group>"; };
		68B2911A2DC754100089BA1F /* worker.m */ = {isa = PBXFileReference; fileEncoding = 4; lastKnownFileType = sourcecode.c.objc; path = worker.m; sourceTree = "<group>"; };
		68B2911E2DC754100089BA1F /* pmnotification.c */ = {isa = PBXFileReference; fileEncoding = 4; lastKnownFileType = sourcecode.c.c; path = pmnotification.c; sourceTree = "<group>"; };
		68B2911F2DC754100089BA1F /* daemon.c */ = {isa = PBXFileReference; fileEncoding = 4; lastKnownFileType = sourcecode.c.c; path = daemon.c; sourceTree = "<group>"; };
		68B291202DC754100089BA1F /* smctest.c */ = {isa = PBXFileReference; fileEncoding = 4; lastKnownFileType = sourcecode.c.c; path = smctest.c; sourceTree = "<group>"; };
		68B291252DC7547B0089BA1F /* ChargingLimitViewController.m */ = {isa = PBXFileReference; fileEncoding = 4; lastKnownFileType = sourcecode.c.objc; path = ChargingLimitViewController.m; sourceTree = "<group>"; };
		68B291262DC7547B0089BA1F /* ChargingLimitViewController.h */ = {isa = PBXFileReference; fileEncoding = 4; lastKnownFileType = sourcecode.c.h; path = ChargingLimitViewController.h; sourceTree = "<group>"; };
		68B291292DC799A40089BA1F /* BatterySubscriberViewControllerBase.m */ = {isa = PBXFileReference; fileEncoding = 4; lastKnownFileType = sourcecode.c.objc; path = BatterySubscriberViewControllerBase.m; sourceTree = "<group>"; };
		68B2912A2DC799A40089BA1F /* BatterySubscriberViewControllerBase.h */ = {isa = PBXFileReference; fileEncoding = 4; lastKnownFileType = sourcecode.c.h; path = BatterySubscriberViewControllerBase.h; sourceTree = "<group>"; };
		68B33C3F2DAF9B38008EA090 /* inductive_status.h */ = {isa = PBXFileReference; lastKnownFileType = sourcecode.c.h; path = inductive_status.h; sourceTree = "<group>"; };
		68B5FF292D85602100919BC2 /* GradientArcView.h */ = {isa = PBXFileReference; lastKnownFileType = sourcecode.c.h; path = GradientArcView.h; sourceTree = "<group>"; };
		68B5FF2D2D85606000919BC2 /* GradientArcView.m */ = {isa = PBXFileReference; lastKnownFileType = sourcecode.c.objc; path = GradientArcView.m; sourceTree = "<group>"; };
		68B5FF2F2D85617400919BC2 /* TemperatureInfoTableViewCell.m */ = {isa = PBXFileReference; lastKnownFileType = sourcecode.c.objc; name = TemperatureInfoTableViewCell.m; path = BatteryCellView/TemperatureInfoTableViewCell.m; sourceTree = "<group>"; };
		68B5FF312D85619B00919BC2 /* TemperatureInfoTableViewCell.h */ = {isa = PBXFileReference; lastKnownFileType = sourcecode.c.h; name = TemperatureInfoTableViewCell.h; path = BatteryCellView/TemperatureInfoTableViewCell.h; sourceTree = "<group>"; };
		68CC02872DB3C57B00914051 /* SF-Pro-Display-Regular.otf */ = {isa = PBXFileReference; lastKnownFileType = file; name = "SF-Pro-Display-Regular.otf"; path = "../../../wifi/20/SFSymbols.pkg/Library/Fonts/SF-Pro-Display-Regular.otf"; sourceTree = "<group>"; };
		68D6DEBD2D745DBC00E129A0 /* SegmentedViewCell.m */ = {isa = PBXFileReference; lastKnownFileType = sourcecode.c.objc; path = SegmentedViewCell.m; sourceTree = "<group>"; };
		68D6DEBF2D745DCB00E129A0 /* SegmentedViewCell.h */ = {isa = PBXFileReference; lastKnownFileType = sourcecode.c.h; path = SegmentedViewCell.h; sourceTree = "<group>"; };
		68D6DEC02D77071300E129A0 /* not_charging_reason.h */ = {isa = PBXFileReference; lastKnownFileType = sourcecode.c.h; path = not_charging_reason.h; sourceTree = "<group>"; };
		68D6DEC12D770B9F00E129A0 /* kiosk_mode.h */ = {isa = PBXFileReference; lastKnownFileType = sourcecode.c.h; path = kiosk_mode.h; sourceTree = "<group>"; };
		68DCA5602D3D0AC5004D0104 /* main.h */ = {isa = PBXFileReference; lastKnownFileType = sourcecode.c.h; path = main.h; sourceTree = "<group>"; };
		68DCA5A82D3F9338004D0104 /* common.m */ = {isa = PBXFileReference; lastKnownFileType = sourcecode.c.objc; path = common.m; sourceTree = "<group>"; };
		68DCA5AA2D3F935E004D0104 /* common.h */ = {isa = PBXFileReference; lastKnownFileType = sourcecode.c.h; path = common.h; sourceTree = "<group>"; };
		68DCA5AB2D3F9A10004D0104 /* gtkextern.h */ = {isa = PBXFileReference; lastKnownFileType = sourcecode.c.h; path = gtkextern.h; sourceTree = "<group>"; };
		68DCA5AD2D3F9BFD004D0104 /* glibextern.h */ = {isa = PBXFileReference; lastKnownFileType = sourcecode.c.h; path = glibextern.h; sourceTree = "<group>"; };
		68DCA5AE2D3FA4DA004D0104 /* intlextern.h */ = {isa = PBXFileReference; lastKnownFileType = sourcecode.c.h; path = intlextern.h; sourceTree = "<group>"; };
		68DCA5B72D40F4A5004D0104 /* base.pot */ = {isa = PBXFileReference; explicitFileType = text; fileEncoding = 4; path = base.pot; sourceTree = "<group>"; };
		68DCA5BD2D40FDE3004D0104 /* en.po */ = {isa = PBXFileReference; fileEncoding = 4; lastKnownFileType = text; path = en.po; sourceTree = "<group>"; };
		68DCA5BE2D40FDE3004D0104 /* zh_CN.po */ = {isa = PBXFileReference; fileEncoding = 4; lastKnownFileType = text; path = zh_CN.po; sourceTree = "<group>"; };
		68E938992D58980B00223285 /* iokit_connection.h */ = {isa = PBXFileReference; lastKnownFileType = sourcecode.c.h; path = iokit_connection.h; sourceTree = "<group>"; };
		68E9389A2D58980B00223285 /* iokit_connection.c */ = {isa = PBXFileReference; lastKnownFileType = sourcecode.c.c; path = iokit_connection.c; sourceTree = "<group>"; };
/* End PBXFileReference section */

/* Begin PBXFrameworksBuildPhase section */
		686AECBC2D3B93CB0059ECD0 /* Frameworks */ = {
			isa = PBXFrameworksBuildPhase;
			buildActionMask = 2147483647;
			files = (
				6838BF7C2DC22CF6007EB66C /* libMobileGestalt.tbd in Frameworks */,
				6838BF6F2DB8D89E007EB66C /* WebKit.framework in Frameworks */,
				684A9EF22D65F0AF006265DC /* intl.framework in Frameworks */,
				68A3EAFD2D5204EA003381DF /* IOKit.framework in Frameworks */,
			);
			runOnlyForDeploymentPostprocessing = 0;
		};
/* End PBXFrameworksBuildPhase section */

/* Begin PBXGroup section */
		6838BF632DB8D06B007EB66C /* license */ = {
			isa = PBXGroup;
			children = (
				6838BF642DB8D06B007EB66C /* license.html */,
				6838BF652DB8D06B007EB66C /* licensing.S */,
				6838BF662DB8D06B007EB66C /* test.S */,
				6838BF752DBF810D007EB66C /* localized.c */,
			);
			path = license;
			sourceTree = "<group>";
		};
		686AECB62D3B93CB0059ECD0 = {
			isa = PBXGroup;
			children = (
				687743192D46359200375A2C /* Config.xcconfig */,
				687743182D4629CB00375A2C /* Battman.entitlements */,
				6877430F2D461E4300375A2C /* gettext.xcodeproj */,
				686AECC12D3B93CB0059ECD0 /* Battman */,
				686AECC02D3B93CB0059ECD0 /* Products */,
				687743162D461E5100375A2C /* Frameworks */,
			);
			sourceTree = "<group>";
		};
		686AECC02D3B93CB0059ECD0 /* Products */ = {
			isa = PBXGroup;
			children = (
				686AECBF2D3B93CB0059ECD0 /* Battman.app */,
			);
			name = Products;
			sourceTree = "<group>";
		};
		686AECC12D3B93CB0059ECD0 /* Battman */ = {
			isa = PBXGroup;
			children = (
				68B2912A2DC799A40089BA1F /* BatterySubscriberViewControllerBase.h */,
				68B291292DC799A40089BA1F /* BatterySubscriberViewControllerBase.m */,
				68B291262DC7547B0089BA1F /* ChargingLimitViewController.h */,
				68B291252DC7547B0089BA1F /* ChargingLimitViewController.m */,
				6838BF7E2DC27F1E007EB66C /* ChargingManagementViewController.h */,
				6838BF822DC27F1E007EB66C /* ChargingManagementViewController.m */,
				6838BF632DB8D06B007EB66C /* license */,
				68CC02872DB3C57B00914051 /* SF-Pro-Display-Regular.otf */,
				68AE40A42D8EB7710023D7B0 /* CustomUIElements */,
				68171A362D534E6B00DD4224 /* BatteryDetailsViewController.h */,
				68171A322D534E6B00DD4224 /* BatteryDetailsViewController.m */,
				68A3EAF42D5204D2003381DF /* battery_utils */,
				687743432D4F6C7800375A2C /* BatteryCellView.h */,
				687743412D4F6C7800375A2C /* BatteryCellView.m */,
				687743402D4F6C7800375A2C /* BatteryInfoTableViewCell.h */,
				687743442D4F6C7800375A2C /* BatteryInfoTableViewCell.m */,
				68B5FF312D85619B00919BC2 /* TemperatureInfoTableViewCell.h */,
				68B5FF2F2D85617400919BC2 /* TemperatureInfoTableViewCell.m */,
				687743332D4E08AD00375A2C /* BatteryInfoViewController.h */,
				687743352D4E08AD00375A2C /* BatteryInfoViewController.m */,
				6877432F2D4E08AD00375A2C /* SettingsViewController.h */,
				687743342D4E08AD00375A2C /* SettingsViewController.m */,
				687742B52D43837B00375A2C /* locales */,
				68DCA5B42D40EDE8004D0104 /* Localizations */,
				686AECD32D3B93CD0059ECD0 /* Info.plist */,
				686AECD42D3B93CD0059ECD0 /* main.m */,
				68DCA5602D3D0AC5004D0104 /* main.h */,
				68DCA5A82D3F9338004D0104 /* common.m */,
				68DCA5AA2D3F935E004D0104 /* common.h */,
				68DCA5AB2D3F9A10004D0104 /* gtkextern.h */,
				68DCA5AD2D3F9BFD004D0104 /* glibextern.h */,
				68DCA5AE2D3FA4DA004D0104 /* intlextern.h */,
			);
			path = Battman;
			sourceTree = "<group>";
		};
		687743102D461E4300375A2C /* Products */ = {
			isa = PBXGroup;
			children = (
				687743152D461E4400375A2C /* intl.framework */,
			);
			name = Products;
			sourceTree = "<group>";
		};
		687743162D461E5100375A2C /* Frameworks */ = {
			isa = PBXGroup;
			children = (
				6838BF7B2DC22CF6007EB66C /* libMobileGestalt.tbd */,
				6838BF6E2DB8D89E007EB66C /* WebKit.framework */,
				68A3EAFC2D5204EA003381DF /* IOKit.framework */,
			);
			name = Frameworks;
			sourceTree = "<group>";
		};
		68A3EAF42D5204D2003381DF /* battery_utils */ = {
			isa = PBXGroup;
			children = (
				68B2911F2DC754100089BA1F /* daemon.c */,
				68B2911E2DC754100089BA1F /* pmnotification.c */,
				68B291202DC754100089BA1F /* smctest.c */,
				68B2911A2DC754100089BA1F /* worker.m */,
				68A3EAF52D5204D2003381DF /* battery_utils.h */,
				68A3EAF62D5204D2003381DF /* battery_info.c */,
				68A3EAF72D5204D2003381DF /* battery_info.h */,
				68171A2E2D5221C400DD4224 /* libsmc.h */,
				68171A2F2D5221C400DD4224 /* libsmc.c */,
				68E938992D58980B00223285 /* iokit_connection.h */,
				68E9389A2D58980B00223285 /* iokit_connection.c */,
				68D6DEC02D77071300E129A0 /* not_charging_reason.h */,
				68D6DEC12D770B9F00E129A0 /* kiosk_mode.h */,
				68B33C3F2DAF9B38008EA090 /* inductive_status.h */,
			);
			path = battery_utils;
			sourceTree = "<group>";
		};
		68AE40A42D8EB7710023D7B0 /* CustomUIElements */ = {
			isa = PBXGroup;
			children = (
				68AE40A92D8EB84D0023D7B0 /* UberSegmentedControl */,
				68D6DEBD2D745DBC00E129A0 /* SegmentedViewCell.m */,
				68D6DEBF2D745DCB00E129A0 /* SegmentedViewCell.h */,
				6834254F2D7D6A240070CE6F /* MultilineViewCell.m */,
				683425512D7D6A380070CE6F /* MultilineViewCell.h */,
				687743452D4F6C7800375A2C /* SPWaterProgressIndicatorView.h */,
				687743422D4F6C7800375A2C /* SPWaterProgressIndicatorView.m */,
				68B5FF292D85602100919BC2 /* GradientArcView.h */,
				68B5FF2D2D85606000919BC2 /* GradientArcView.m */,
				6833A8C82DA3C6E500B71299 /* WarnAccessoryView.m */,
				6833A8CA2DA3C6FE00B71299 /* WarnAccessoryView.h */,
				6838BFAA2DC3984C007EB66C /* SliderTableViewCell.h */,
				6838BFAB2DC3984C007EB66C /* SliderTableViewCell.m */,
			);
			name = CustomUIElements;
			sourceTree = "<group>";
		};
		68AE40A92D8EB84D0023D7B0 /* UberSegmentedControl */ = {
			isa = PBXGroup;
			children = (
				68AE40AF2D8EB8870023D7B0 /* Constants.h */,
				68AE40B52D8EB8870023D7B0 /* Constants.m */,
				68AE40B22D8EB8870023D7B0 /* DividerView.h */,
				68AE40B02D8EB8870023D7B0 /* DividerView.m */,
				68AE40B72D8EB8870023D7B0 /* MultiSelectSegmentedControl.h */,
				68AE40AB2D8EB8870023D7B0 /* MultiSelectSegmentedControl.m */,
				68AE40AC2D8EB8870023D7B0 /* SegmentButton.h */,
				68AE40B62D8EB8870023D7B0 /* SegmentButton.m */,
				68AE40AE2D8EB8870023D7B0 /* StackViewGestureHandler.h */,
				68AE40B42D8EB8870023D7B0 /* StackViewGestureHandler.m */,
				68AE40AD2D8EB8870023D7B0 /* UberSegmentedControl.h */,
				68AE40AA2D8EB8870023D7B0 /* UberSegmentedControl.m */,
				68AE40B32D8EB8870023D7B0 /* UIView+Fill.h */,
				68AE40B12D8EB8870023D7B0 /* UIView+Fill.m */,
				68AE40BF2D8EB9190023D7B0 /* README.md */,
			);
			path = UberSegmentedControl;
			sourceTree = "<group>";
		};
		68DCA5B42D40EDE8004D0104 /* Localizations */ = {
			isa = PBXGroup;
			children = (
				68DCA5BD2D40FDE3004D0104 /* en.po */,
				68DCA5BE2D40FDE3004D0104 /* zh_CN.po */,
				68DCA5B72D40F4A5004D0104 /* base.pot */,
			);
			path = Localizations;
			sourceTree = "<group>";
		};
/* End PBXGroup section */

/* Begin PBXNativeTarget section */
		686AECBE2D3B93CB0059ECD0 /* Battman */ = {
			isa = PBXNativeTarget;
			buildConfigurationList = 686AECD82D3B93CD0059ECD0 /* Build configuration list for PBXNativeTarget "Battman" */;
			buildPhases = (
				6838BF6D2DB8D363007EB66C /* Generate Sources */,
				686AECBB2D3B93CB0059ECD0 /* Sources */,
				686AECBC2D3B93CB0059ECD0 /* Frameworks */,
				686AECBD2D3B93CB0059ECD0 /* Resources */,
				68171A2A2D520AB400DD4224 /* ShellScript */,
			);
			buildRules = (
			);
			dependencies = (
				687742B82D43866400375A2C /* PBXTargetDependency */,
			);
			name = Battman;
			productName = Battman;
			productReference = 686AECBF2D3B93CB0059ECD0 /* Battman.app */;
			productType = "com.apple.product-type.application";
		};
/* End PBXNativeTarget section */

/* Begin PBXProject section */
		686AECB72D3B93CB0059ECD0 /* Project object */ = {
			isa = PBXProject;
			attributes = {
				LastUpgradeCheck = 1250;
				TargetAttributes = {
					686AECBE2D3B93CB0059ECD0 = {
						CreatedOnToolsVersion = 12.5.1;
					};
					687742AB2D437EE400375A2C = {
						CreatedOnToolsVersion = 12.5.1;
					};
					687743262D4CACBD00375A2C = {
						CreatedOnToolsVersion = 12.5.1;
					};
					68DCA5AF2D40EC57004D0104 = {
						CreatedOnToolsVersion = 12.5.1;
					};
					68DCA5B82D40FA9F004D0104 = {
						CreatedOnToolsVersion = 12.5.1;
					};
				};
			};
			buildConfigurationList = 686AECBA2D3B93CB0059ECD0 /* Build configuration list for PBXProject "Battman" */;
			compatibilityVersion = "Xcode 9.3";
			developmentRegion = en;
			hasScannedForEncodings = 0;
			knownRegions = (
				en,
				"zh-Hans",
			);
			mainGroup = 686AECB62D3B93CB0059ECD0;
			productRefGroup = 686AECC02D3B93CB0059ECD0 /* Products */;
			projectDirPath = "";
			projectReferences = (
				{
					ProductGroup = 687743102D461E4300375A2C /* Products */;
					ProjectRef = 6877430F2D461E4300375A2C /* gettext.xcodeproj */;
				},
			);
			projectRoot = "";
			targets = (
				686AECBE2D3B93CB0059ECD0 /* Battman */,
				68DCA5AF2D40EC57004D0104 /* base.pot */,
				68DCA5B82D40FA9F004D0104 /* pofiles_new */,
				687742AB2D437EE400375A2C /* Gettext Localizations */,
				687743262D4CACBD00375A2C /* pofiles update */,
			);
		};
/* End PBXProject section */

/* Begin PBXReferenceProxy section */
		687743152D461E4400375A2C /* intl.framework */ = {
			isa = PBXReferenceProxy;
			fileType = wrapper.framework;
			path = intl.framework;
			remoteRef = 687743142D461E4400375A2C /* PBXContainerItemProxy */;
			sourceTree = BUILT_PRODUCTS_DIR;
		};
/* End PBXReferenceProxy section */

/* Begin PBXResourcesBuildPhase section */
		686AECBD2D3B93CB0059ECD0 /* Resources */ = {
			isa = PBXResourcesBuildPhase;
			buildActionMask = 2147483647;
			files = (
				6838BF6A2DB8D06B007EB66C /* license.html in Resources */,
				687742B62D43838500375A2C /* locales in Resources */,
			);
			runOnlyForDeploymentPostprocessing = 0;
		};
/* End PBXResourcesBuildPhase section */

/* Begin PBXShellScriptBuildPhase section */
		68171A2A2D520AB400DD4224 /* ShellScript */ = {
			isa = PBXShellScriptBuildPhase;
			alwaysOutOfDate = 1;
			buildActionMask = 2147483647;
			files = (
			);
			inputFileListPaths = (
			);
			inputPaths = (
			);
			outputFileListPaths = (
			);
			outputPaths = (
			);
			runOnlyForDeploymentPostprocessing = 0;
			shellPath = /bin/sh;
			shellScript = "set -e -x\n\nPATH=/opt/homebrew/bin:$PATH\n\n# ldid fakesign\nif [ ${PLATFORM_NAME} == \"iphoneos\" ]; then\n  ldid -S${PROJECT_DIR}/Battman.entitlements ${CODESIGNING_FOLDER_PATH}/Battman\nfi\n\n# Replace GIT_COMMIT_HASH in Info.plist\nCOMMIT_HASH=`git rev-parse --short HEAD`\n/usr/libexec/PlistBuddy -c \"Set :GIT_COMMIT_HASH $COMMIT_HASH\" \"${CODESIGNING_FOLDER_PATH}/Info.plist\"\n\n# generate and sync icons to app root\nsh ${PROJECT_DIR}/Battman/generate_icons.sh ${PROJECT_DIR}/Battman.svg ${CODESIGNING_FOLDER_PATH}/\n\n# restore\ngit restore \"${INFOPLIST_FILE}\" || true\n";
		};
		6838BF6D2DB8D363007EB66C /* Generate Sources */ = {
			isa = PBXShellScriptBuildPhase;
			buildActionMask = 2147483647;
			files = (
			);
			inputFileListPaths = (
			);
			inputPaths = (
				"$(SRCROOT)/Battman/license/license.html",
			);
			name = "Generate Sources";
			outputFileListPaths = (
			);
			outputPaths = (
				"$(DERIVED_FILE_DIR)/constants.c",
			);
			runOnlyForDeploymentPostprocessing = 0;
			shellPath = /bin/sh;
			shellScript = "PATH=/opt/homebrew/bin:$PATH\n\nINFILE=${SCRIPT_INPUT_FILE_0}\nOUTFILE=${SCRIPT_OUTPUT_FILE_0}\n\necho \"const unsigned char lh_arr[] = {\" > ${OUTFILE}\nopenssl sha256 -c ${INFILE} | gsed \"s/^.*= /0x/g;s/:/,0x/g\" >> ${OUTFILE}\necho \"};\" >> ${OUTFILE}\n";
		};
		687742AF2D437EEA00375A2C /* Run Script */ = {
			isa = PBXShellScriptBuildPhase;
			buildActionMask = 2147483647;
			files = (
			);
			inputFileListPaths = (
			);
			inputPaths = (
				"${PROJECT_DIR}/${PROJECT_NAME}/Localizations/zh_CN.po",
				"${PROJECT_DIR}/${PROJECT_NAME}/Localizations/en.po",
			);
			name = "Run Script";
			outputFileListPaths = (
			);
			outputPaths = (
				"${PROJECT_DIR}/${PROJECT_NAME}/locales/en/LC_MESSAGES/battman.mo",
				"${PROJECT_DIR}/${PROJECT_NAME}/locales/zh_CN/LC_MESSAGES/battman.mo",
			);
			runOnlyForDeploymentPostprocessing = 0;
			shellPath = /bin/sh;
			shellScript = "set -e -x\n\nexport PATH=\"/opt/homebrew/bin:$PATH\"\n\nLOCS=\"zh_CN en\"\nLOC_BASE=\"${PROJECT_DIR}/${PROJECT_NAME}/Localizations\"\nLOC_TGT=\"${PROJECT_DIR}/${PROJECT_NAME}/locales\"\nNAME_LOW=\"$(echo ${PROJECT_NAME} | tr '[:upper:]' '[:lower:]')\"\n\nfor locs in $LOCS; do mkdir -p \"${LOC_TGT}/${locs}/LC_MESSAGES/\" && msgfmt \"${LOC_BASE}/$locs.po\" -o \"${LOC_TGT}/${locs}/LC_MESSAGES/${NAME_LOW}.mo\"; done\n";
		};
		6877432A2D4CACCC00375A2C /* ShellScript */ = {
			isa = PBXShellScriptBuildPhase;
			buildActionMask = 2147483647;
			files = (
			);
			inputFileListPaths = (
			);
			inputPaths = (
				"${PROJECT_DIR}/${PROJECT_NAME}/Localizations/base.pot",
			);
			outputFileListPaths = (
			);
			outputPaths = (
			);
			runOnlyForDeploymentPostprocessing = 0;
			shellPath = /bin/sh;
			shellScript = "set -e -x\n\nexport PATH=\"/opt/homebrew/bin:$PATH\"\n\nLOCS=\"zh_CN en\"\nLOC_BASE=\"${PROJECT_DIR}/${PROJECT_NAME}/Localizations\"\nPOT_FILE=\"${LOC_BASE}/base.pot\"\n\nfor locs in $LOCS; do msginit --input=\"${POT_FILE}\" --output-file=\"${LOC_BASE}/$locs.po.step\" --locale=\"$locs\" --no-translator && msgmerge -N \"${LOC_BASE}/$locs.po\" \"${LOC_BASE}/$locs.po.step\" > \"${LOC_BASE}/$locs.po.new\" && mv \"${LOC_BASE}/$locs.po.new\" \"${LOC_BASE}/$locs.po\" && rm \"${LOC_BASE}/$locs.po.step\"; done\n";
		};
		68DCA5B32D40EC61004D0104 /* ShellScript */ = {
			isa = PBXShellScriptBuildPhase;
			alwaysOutOfDate = 1;
			buildActionMask = 2147483647;
			files = (
			);
			inputFileListPaths = (
			);
			inputPaths = (
			);
			outputFileListPaths = (
			);
			outputPaths = (
				"${PROJECT_DIR}/${PROJECT_NAME}/Localizations/base.pot",
			);
			runOnlyForDeploymentPostprocessing = 0;
			shellPath = /bin/sh;
			shellScript = "set -e -x\n\nexport PATH=\"/opt/homebrew/bin:$PATH\"\n\nPOT_FILE=\"${PROJECT_DIR}/${PROJECT_NAME}/Localizations/base.pot\"\nrm -f \"${POT_FILE}\"\nexec xgettext -v --keyword=_ --keyword=_ID_ --keyword=_C --copyright-holder=\"Torrekie <me@torrekie.dev>\" --package-name=\"${PROJECT_NAME}\" --package-version=\"${CURRENT_PROJECT_VERSION}\" --output=$POT_FILE --from-code=UTF-8 $(find ${PROJECT_DIR}/${PROJECT_NAME} -name \"*.m\" -or -name \"*.c\" -or -name \"*.h\")\n";
		};
		68DCA5BC2D40FAB1004D0104 /* ShellScript */ = {
			isa = PBXShellScriptBuildPhase;
			buildActionMask = 2147483647;
			files = (
			);
			inputFileListPaths = (
			);
			inputPaths = (
			);
			outputFileListPaths = (
			);
			outputPaths = (
			);
			runOnlyForDeploymentPostprocessing = 0;
			shellPath = /bin/sh;
			shellScript = "set -e -x\n\nexport PATH=\"/opt/homebrew/bin:$PATH\"\n\nLOCS=\"zh_CN en\"\nLOC_BASE=\"${PROJECT_DIR}/${PROJECT_NAME}/Localizations\"\nPOT_FILE=\"${LOC_BASE}/base.pot\"\n\nfor locs in $LOCS; do msginit --input=\"${POT_FILE}\" --output-file=\"${LOC_BASE}/$locs.po\" --locale=\"$locs\" --no-translator; done\n";
		};
/* End PBXShellScriptBuildPhase section */

/* Begin PBXSourcesBuildPhase section */
		686AECBB2D3B93CB0059ECD0 /* Sources */ = {
			isa = PBXSourcesBuildPhase;
			buildActionMask = 2147483647;
			files = (
				6834254B2D7C4F560070CE6F /* iokit_connection.c in Sources */,
				68AE40BE2D8EB8870023D7B0 /* SegmentButton.m in Sources */,
				687743462D4F6C7800375A2C /* BatteryCellView.m in Sources */,
				68DCA5A92D3F9339004D0104 /* common.m in Sources */,
				6838BF832DC27F1E007EB66C /* ChargingManagementViewController.m in Sources */,
				687743482D4F6C7800375A2C /* BatteryInfoTableViewCell.m in Sources */,
				68AE40BD2D8EB8870023D7B0 /* Constants.m in Sources */,
				68AE40B92D8EB8870023D7B0 /* MultiSelectSegmentedControl.m in Sources */,
				68AE40BA2D8EB8870023D7B0 /* DividerView.m in Sources */,
				68B2912B2DC799A40089BA1F /* BatterySubscriberViewControllerBase.m in Sources */,
				6838BF762DBF810D007EB66C /* localized.c in Sources */,
				687743372D4E08AD00375A2C /* BatteryInfoViewController.m in Sources */,
				687743472D4F6C7800375A2C /* SPWaterProgressIndicatorView.m in Sources */,
				6833A8C92DA3C6E500B71299 /* WarnAccessoryView.m in Sources */,
				686AECD52D3B93CD0059ECD0 /* main.m in Sources */,
				68AE40BC2D8EB8870023D7B0 /* StackViewGestureHandler.m in Sources */,
				68B5FF302D85617400919BC2 /* TemperatureInfoTableViewCell.m in Sources */,
				683425502D7D6A240070CE6F /* MultilineViewCell.m in Sources */,
				68AE40BB2D8EB8870023D7B0 /* UIView+Fill.m in Sources */,
				68AE40B82D8EB8870023D7B0 /* UberSegmentedControl.m in Sources */,
				68D6DEBE2D745DBC00E129A0 /* SegmentedViewCell.m in Sources */,
				68B291232DC754100089BA1F /* daemon.c in Sources */,
				68A3EAFB2D5204D2003381DF /* battery_info.c in Sources */,
				68B291282DC75F610089BA1F /* pmnotification.c in Sources */,
				68B5FF2E2D85606000919BC2 /* GradientArcView.m in Sources */,
				6838BF6B2DB8D06B007EB66C /* licensing.S in Sources */,
				6838BFAC2DC3984C007EB66C /* SliderTableViewCell.m in Sources */,
				68171A372D534E6B00DD4224 /* BatteryDetailsViewController.m in Sources */,
				68B291212DC754100089BA1F /* worker.m in Sources */,
				687743362D4E08AD00375A2C /* SettingsViewController.m in Sources */,
				68B291272DC7547B0089BA1F /* ChargingLimitViewController.m in Sources */,
				68171A302D5221C400DD4224 /* libsmc.c in Sources */,
			);
			runOnlyForDeploymentPostprocessing = 0;
		};
/* End PBXSourcesBuildPhase section */

/* Begin PBXTargetDependency section */
		6838BF742DBF71BD007EB66C /* PBXTargetDependency */ = {
			isa = PBXTargetDependency;
			target = 68DCA5AF2D40EC57004D0104 /* base.pot */;
			targetProxy = 6838BF732DBF71BD007EB66C /* PBXContainerItemProxy */;
		};
		687742B82D43866400375A2C /* PBXTargetDependency */ = {
			isa = PBXTargetDependency;
			target = 687742AB2D437EE400375A2C /* Gettext Localizations */;
			targetProxy = 687742B72D43866400375A2C /* PBXContainerItemProxy */;
		};
/* End PBXTargetDependency section */

/* Begin XCBuildConfiguration section */
		686AECD62D3B93CD0059ECD0 /* Debug */ = {
			isa = XCBuildConfiguration;
			baseConfigurationReference = 687743192D46359200375A2C /* Config.xcconfig */;
			buildSettings = {
				ALWAYS_SEARCH_USER_PATHS = NO;
				CLANG_ANALYZER_NONNULL = YES;
				CLANG_ANALYZER_NUMBER_OBJECT_CONVERSION = YES_AGGRESSIVE;
				CLANG_CXX_LANGUAGE_STANDARD = "gnu++14";
				CLANG_CXX_LIBRARY = "libc++";
				CLANG_ENABLE_MODULES = YES;
				CLANG_ENABLE_OBJC_ARC = YES;
				CLANG_ENABLE_OBJC_WEAK = YES;
				CLANG_WARN_BLOCK_CAPTURE_AUTORELEASING = YES;
				CLANG_WARN_BOOL_CONVERSION = YES;
				CLANG_WARN_COMMA = YES;
				CLANG_WARN_CONSTANT_CONVERSION = YES;
				CLANG_WARN_DEPRECATED_OBJC_IMPLEMENTATIONS = YES;
				CLANG_WARN_DIRECT_OBJC_ISA_USAGE = YES_ERROR;
				CLANG_WARN_DOCUMENTATION_COMMENTS = YES;
				CLANG_WARN_EMPTY_BODY = YES;
				CLANG_WARN_ENUM_CONVERSION = YES;
				CLANG_WARN_INFINITE_RECURSION = YES;
				CLANG_WARN_INT_CONVERSION = YES;
				CLANG_WARN_NON_LITERAL_NULL_CONVERSION = YES;
				CLANG_WARN_OBJC_IMPLICIT_RETAIN_SELF = YES;
				CLANG_WARN_OBJC_LITERAL_CONVERSION = YES;
				CLANG_WARN_OBJC_ROOT_CLASS = YES_ERROR;
				CLANG_WARN_QUOTED_INCLUDE_IN_FRAMEWORK_HEADER = YES;
				CLANG_WARN_RANGE_LOOP_ANALYSIS = YES;
				CLANG_WARN_STRICT_PROTOTYPES = YES;
				CLANG_WARN_SUSPICIOUS_MOVE = YES;
				CLANG_WARN_UNGUARDED_AVAILABILITY = YES_AGGRESSIVE;
				CLANG_WARN_UNREACHABLE_CODE = YES;
				CLANG_WARN__DUPLICATE_METHOD_MATCH = YES;
				COPY_PHASE_STRIP = NO;
				CURRENT_PROJECT_VERSION = 1.0;
				DEBUG_INFORMATION_FORMAT = dwarf;
				ENABLE_STRICT_OBJC_MSGSEND = YES;
				ENABLE_TESTABILITY = YES;
				GCC_C_LANGUAGE_STANDARD = gnu11;
				GCC_DYNAMIC_NO_PIC = NO;
				GCC_NO_COMMON_BLOCKS = YES;
				GCC_OPTIMIZATION_LEVEL = 0;
				GCC_PREPROCESSOR_DEFINITIONS = (
					"BATTMAN_INTL=\\\"battman\\\"",
					"DEBUG=1",
				);
				GCC_WARN_64_TO_32_BIT_CONVERSION = YES;
				GCC_WARN_ABOUT_RETURN_TYPE = YES_ERROR;
				GCC_WARN_UNDECLARED_SELECTOR = YES;
				GCC_WARN_UNINITIALIZED_AUTOS = YES_AGGRESSIVE;
				GCC_WARN_UNUSED_FUNCTION = YES;
				GCC_WARN_UNUSED_VARIABLE = YES;
				IPHONEOS_DEPLOYMENT_TARGET = 13.0;
				MARKETING_VERSION = 1.0;
				MTL_ENABLE_DEBUG_INFO = INCLUDE_SOURCE;
				MTL_FAST_MATH = YES;
				ONLY_ACTIVE_ARCH = YES;
				SDKROOT = iphoneos;
				VERSION_INFO_BUILDER = Torrekie;
				VERSION_INFO_FILE = "";
			};
			name = Debug;
		};
		686AECD72D3B93CD0059ECD0 /* Release */ = {
			isa = XCBuildConfiguration;
			baseConfigurationReference = 687743192D46359200375A2C /* Config.xcconfig */;
			buildSettings = {
				ALWAYS_SEARCH_USER_PATHS = NO;
				CLANG_ANALYZER_NONNULL = YES;
				CLANG_ANALYZER_NUMBER_OBJECT_CONVERSION = YES_AGGRESSIVE;
				CLANG_CXX_LANGUAGE_STANDARD = "gnu++14";
				CLANG_CXX_LIBRARY = "libc++";
				CLANG_ENABLE_MODULES = YES;
				CLANG_ENABLE_OBJC_ARC = YES;
				CLANG_ENABLE_OBJC_WEAK = YES;
				CLANG_WARN_BLOCK_CAPTURE_AUTORELEASING = YES;
				CLANG_WARN_BOOL_CONVERSION = YES;
				CLANG_WARN_COMMA = YES;
				CLANG_WARN_CONSTANT_CONVERSION = YES;
				CLANG_WARN_DEPRECATED_OBJC_IMPLEMENTATIONS = YES;
				CLANG_WARN_DIRECT_OBJC_ISA_USAGE = YES_ERROR;
				CLANG_WARN_DOCUMENTATION_COMMENTS = YES;
				CLANG_WARN_EMPTY_BODY = YES;
				CLANG_WARN_ENUM_CONVERSION = YES;
				CLANG_WARN_INFINITE_RECURSION = YES;
				CLANG_WARN_INT_CONVERSION = YES;
				CLANG_WARN_NON_LITERAL_NULL_CONVERSION = YES;
				CLANG_WARN_OBJC_IMPLICIT_RETAIN_SELF = YES;
				CLANG_WARN_OBJC_LITERAL_CONVERSION = YES;
				CLANG_WARN_OBJC_ROOT_CLASS = YES_ERROR;
				CLANG_WARN_QUOTED_INCLUDE_IN_FRAMEWORK_HEADER = YES;
				CLANG_WARN_RANGE_LOOP_ANALYSIS = YES;
				CLANG_WARN_STRICT_PROTOTYPES = YES;
				CLANG_WARN_SUSPICIOUS_MOVE = YES;
				CLANG_WARN_UNGUARDED_AVAILABILITY = YES_AGGRESSIVE;
				CLANG_WARN_UNREACHABLE_CODE = YES;
				CLANG_WARN__DUPLICATE_METHOD_MATCH = YES;
				COPY_PHASE_STRIP = NO;
				CURRENT_PROJECT_VERSION = 1.0;
				DEBUG_INFORMATION_FORMAT = "dwarf-with-dsym";
				ENABLE_NS_ASSERTIONS = NO;
				ENABLE_STRICT_OBJC_MSGSEND = YES;
				GCC_C_LANGUAGE_STANDARD = gnu11;
				GCC_NO_COMMON_BLOCKS = YES;
				GCC_PREPROCESSOR_DEFINITIONS = "BATTMAN_INTL=\\\"battman\\\"";
				GCC_WARN_64_TO_32_BIT_CONVERSION = YES;
				GCC_WARN_ABOUT_RETURN_TYPE = YES_ERROR;
				GCC_WARN_UNDECLARED_SELECTOR = YES;
				GCC_WARN_UNINITIALIZED_AUTOS = YES_AGGRESSIVE;
				GCC_WARN_UNUSED_FUNCTION = YES;
				GCC_WARN_UNUSED_VARIABLE = YES;
				IPHONEOS_DEPLOYMENT_TARGET = 13.0;
				MARKETING_VERSION = 1.0;
				MTL_ENABLE_DEBUG_INFO = NO;
				MTL_FAST_MATH = YES;
				SDKROOT = iphoneos;
				VALIDATE_PRODUCT = YES;
				VERSION_INFO_BUILDER = Torrekie;
				VERSION_INFO_FILE = "";
			};
			name = Release;
		};
		686AECD92D3B93CD0059ECD0 /* Debug */ = {
			isa = XCBuildConfiguration;
			baseConfigurationReference = 687743192D46359200375A2C /* Config.xcconfig */;
			buildSettings = {
				ASSETCATALOG_COMPILER_GLOBAL_ACCENT_COLOR_NAME = AccentColor;
				CLANG_WARN_DIRECT_OBJC_ISA_USAGE = YES;
				CLANG_WARN_OBJC_ROOT_CLASS = YES;
				CODE_SIGN_ENTITLEMENTS = "$(PROJECT_DIR)/Battman.entitlements";
				CODE_SIGN_IDENTITY = "Apple Development";
				CODE_SIGN_INJECT_BASE_ENTITLEMENTS = YES;
				CODE_SIGN_STYLE = Manual;
				DEVELOPMENT_TEAM = "";
				ENABLE_BITCODE = NO;
				GCC_PREPROCESSOR_DEFINITIONS = (
					"BATTMAN_TEXTDOMAIN=\\\"battman\\\"",
					"DEBUG=1",
					"USE_GETTEXT=1",
				);
				HEADER_SEARCH_PATHS = "$(DERIVED_FILE_DIR)";
				INFOPLIST_FILE = Battman/Info.plist;
				INSTALL_GROUP = "$(GROUP)";
				INSTALL_OWNER = "$(USER)";
				IPHONEOS_DEPLOYMENT_TARGET = 12.0;
				LD_RUNPATH_SEARCH_PATHS = (
					"$(inherited)",
					"@executable_path/Frameworks",
				);
				LOCALIZED_STRING_MACRO_NAMES = _;
				LOCALIZED_STRING_SWIFTUI_SUPPORT = NO;
				OTHER_CFLAGS = "$(CUSTOM_CFLAGS)";
				OTHER_LDFLAGS = "$(OLDFL)";
				PRODUCT_BUNDLE_IDENTIFIER = com.torrekie.Battman;
				PRODUCT_NAME = "$(TARGET_NAME)";
				PROVISIONING_PROFILE_SPECIFIER = "";
				TARGETED_DEVICE_FAMILY = "1,2";
				VERSION_INFO_FILE = "";
				WARNING_CFLAGS = "$(NO_WARN_CFLAGS)";
			};
			name = Debug;
		};
		686AECDA2D3B93CD0059ECD0 /* Release */ = {
			isa = XCBuildConfiguration;
			baseConfigurationReference = 687743192D46359200375A2C /* Config.xcconfig */;
			buildSettings = {
				ASSETCATALOG_COMPILER_GLOBAL_ACCENT_COLOR_NAME = AccentColor;
				CLANG_WARN_DIRECT_OBJC_ISA_USAGE = YES;
				CLANG_WARN_OBJC_ROOT_CLASS = YES;
				CODE_SIGN_ENTITLEMENTS = "$(PROJECT_DIR)/Battman.entitlements";
				CODE_SIGN_IDENTITY = "Apple Development";
				CODE_SIGN_INJECT_BASE_ENTITLEMENTS = YES;
				CODE_SIGN_STYLE = Manual;
				DEVELOPMENT_TEAM = "";
				ENABLE_BITCODE = NO;
				GCC_PREPROCESSOR_DEFINITIONS = (
					"BATTMAN_TEXTDOMAIN=\\\"battman\\\"",
					"USE_GETTEXT=1",
				);
				HEADER_SEARCH_PATHS = "$(DERIVED_FILE_DIR)";
				INFOPLIST_FILE = Battman/Info.plist;
				INSTALL_GROUP = "$(GROUP)";
				INSTALL_OWNER = "$(USER)";
				IPHONEOS_DEPLOYMENT_TARGET = 12.0;
				LD_RUNPATH_SEARCH_PATHS = (
					"$(inherited)",
					"@executable_path/Frameworks",
				);
				LOCALIZED_STRING_MACRO_NAMES = _;
				LOCALIZED_STRING_SWIFTUI_SUPPORT = NO;
				OTHER_CFLAGS = "$(CUSTOM_CFLAGS)";
				OTHER_LDFLAGS = "$(OLDFL)";
				PRODUCT_BUNDLE_IDENTIFIER = com.torrekie.Battman;
				PRODUCT_NAME = "$(TARGET_NAME)";
				PROVISIONING_PROFILE_SPECIFIER = "";
				TARGETED_DEVICE_FAMILY = "1,2";
				VERSION_INFO_FILE = "";
				WARNING_CFLAGS = "$(NO_WARN_CFLAGS)";
			};
			name = Release;
		};
		687742AD2D437EE400375A2C /* Debug */ = {
			isa = XCBuildConfiguration;
			buildSettings = {
				CODE_SIGN_STYLE = Automatic;
				PRODUCT_NAME = "$(TARGET_NAME)";
			};
			name = Debug;
		};
		687742AE2D437EE400375A2C /* Release */ = {
			isa = XCBuildConfiguration;
			buildSettings = {
				CODE_SIGN_STYLE = Automatic;
				PRODUCT_NAME = "$(TARGET_NAME)";
			};
			name = Release;
		};
		687743282D4CACBD00375A2C /* Debug */ = {
			isa = XCBuildConfiguration;
			buildSettings = {
				CODE_SIGN_STYLE = Automatic;
				PRODUCT_NAME = "$(TARGET_NAME)";
			};
			name = Debug;
		};
		687743292D4CACBD00375A2C /* Release */ = {
			isa = XCBuildConfiguration;
			buildSettings = {
				CODE_SIGN_STYLE = Automatic;
				PRODUCT_NAME = "$(TARGET_NAME)";
			};
			name = Release;
		};
		68DCA5B12D40EC58004D0104 /* Debug */ = {
			isa = XCBuildConfiguration;
			buildSettings = {
				CODE_SIGN_STYLE = Automatic;
				DYLIB_INSTALL_NAME_BASE = "";
				LOCALIZED_STRING_MACRO_NAMES = _;
				PRODUCT_NAME = "$(TARGET_NAME)";
				SYMROOT = build;
			};
			name = Debug;
		};
		68DCA5B22D40EC58004D0104 /* Release */ = {
			isa = XCBuildConfiguration;
			buildSettings = {
				CODE_SIGN_STYLE = Automatic;
				DYLIB_INSTALL_NAME_BASE = "";
				LOCALIZED_STRING_MACRO_NAMES = _;
				PRODUCT_NAME = "$(TARGET_NAME)";
				SYMROOT = build;
			};
			name = Release;
		};
		68DCA5BA2D40FA9F004D0104 /* Debug */ = {
			isa = XCBuildConfiguration;
			buildSettings = {
				CODE_SIGN_STYLE = Automatic;
				PRODUCT_NAME = "$(TARGET_NAME)";
			};
			name = Debug;
		};
		68DCA5BB2D40FA9F004D0104 /* Release */ = {
			isa = XCBuildConfiguration;
			buildSettings = {
				CODE_SIGN_STYLE = Automatic;
				PRODUCT_NAME = "$(TARGET_NAME)";
			};
			name = Release;
		};
/* End XCBuildConfiguration section */

/* Begin XCConfigurationList section */
		686AECBA2D3B93CB0059ECD0 /* Build configuration list for PBXProject "Battman" */ = {
			isa = XCConfigurationList;
			buildConfigurations = (
				686AECD62D3B93CD0059ECD0 /* Debug */,
				686AECD72D3B93CD0059ECD0 /* Release */,
			);
			defaultConfigurationIsVisible = 0;
			defaultConfigurationName = Debug;
		};
		686AECD82D3B93CD0059ECD0 /* Build configuration list for PBXNativeTarget "Battman" */ = {
			isa = XCConfigurationList;
			buildConfigurations = (
				686AECD92D3B93CD0059ECD0 /* Debug */,
				686AECDA2D3B93CD0059ECD0 /* Release */,
			);
			defaultConfigurationIsVisible = 0;
			defaultConfigurationName = Debug;
		};
		687742AC2D437EE400375A2C /* Build configuration list for PBXAggregateTarget "Gettext Localizations" */ = {
			isa = XCConfigurationList;
			buildConfigurations = (
				687742AD2D437EE400375A2C /* Debug */,
				687742AE2D437EE400375A2C /* Release */,
			);
			defaultConfigurationIsVisible = 0;
			defaultConfigurationName = Debug;
		};
		687743272D4CACBD00375A2C /* Build configuration list for PBXAggregateTarget "pofiles update" */ = {
			isa = XCConfigurationList;
			buildConfigurations = (
				687743282D4CACBD00375A2C /* Debug */,
				687743292D4CACBD00375A2C /* Release */,
			);
			defaultConfigurationIsVisible = 0;
			defaultConfigurationName = Debug;
		};
		68DCA5B02D40EC58004D0104 /* Build configuration list for PBXAggregateTarget "base.pot" */ = {
			isa = XCConfigurationList;
			buildConfigurations = (
				68DCA5B12D40EC58004D0104 /* Debug */,
				68DCA5B22D40EC58004D0104 /* Release */,
			);
			defaultConfigurationIsVisible = 0;
			defaultConfigurationName = Debug;
		};
		68DCA5B92D40FA9F004D0104 /* Build configuration list for PBXAggregateTarget "pofiles_new" */ = {
			isa = XCConfigurationList;
			buildConfigurations = (
				68DCA5BA2D40FA9F004D0104 /* Debug */,
				68DCA5BB2D40FA9F004D0104 /* Release */,
			);
			defaultConfigurationIsVisible = 0;
			defaultConfigurationName = Debug;
		};
/* End XCConfigurationList section */
	};
	rootObject = 686AECB72D3B93CB0059ECD0 /* Project object */;
}
